
Microsoft Visual Studio Solution File, Format Version 12.00
# Visual Studio Version 17
VisualStudioVersion = 17.0.31903.59
MinimumVisualStudioVersion = 10.0.40219.1
Project("{2150E333-8FDC-42A3-9474-1A3956D46DE8}") = "src", "src", "{827E0CD3-B72D-47B6-A68D-7590B98EB39B}"
EndProject
Project("{FAE04EC0-301F-11D3-BF4B-00C04F79EFBC}") = "UI_Unilineal.Domain", "src\UI_Unilineal.Domain\UI_Unilineal.Domain.csproj", "{9E6106B8-82DC-4DE1-9C68-063AF266B33D}"
EndProject
Project("{FAE04EC0-301F-11D3-BF4B-00C04F79EFBC}") = "UI_Unilineal.Engine", "src\UI_Unilineal.Engine\UI_Unilineal.Engine.csproj", "{075DF839-BFAA-496E-BFE2-41CEEB8EEAF1}"
EndProject
Project("{FAE04EC0-301F-11D3-BF4B-00C04F79EFBC}") = "UI_Unilineal.Rendering.Avalonia", "src\UI_Unilineal.Rendering.Avalonia\UI_Unilineal.Rendering.Avalonia.csproj", "{6F9A6DA4-078C-4F06-8C43-21447CD440A1}"
EndProject
Project("{FAE04EC0-301F-11D3-BF4B-00C04F79EFBC}") = "UI_Unilineal.Playground", "src\UI_Unilineal.Playground\UI_Unilineal.Playground.csproj", "{437D695E-720B-4F32-AFFB-86C841961515}"
EndProject
Project("{2150E333-8FDC-42A3-9474-1A3956D46DE8}") = "tests", "tests", "{0AB3BF05-4346-4AA6-1389-037BE0695223}"
EndProject
Project("{FAE04EC0-301F-11D3-BF4B-00C04F79EFBC}") = "UI_Unilineal.Domain.Tests", "tests\UI_Unilineal.Domain.Tests\UI_Unilineal.Domain.Tests.csproj", "{295A823F-A552-4D44-A561-E5E963A1314C}"
EndProject
Project("{FAE04EC0-301F-11D3-BF4B-00C04F79EFBC}") = "UI_Unilineal.Engine.Tests", "tests\UI_Unilineal.Engine.Tests\UI_Unilineal.Engine.Tests.csproj", "{E0FB4ACC-B0AD-4B70-9FF8-43D9B7555D52}"
EndProject
Project("{FAE04EC0-301F-11D3-BF4B-00C04F79EFBC}") = "UI_Unilineal.Rendering.Avalonia.Tests", "tests\UI_Unilineal.Rendering.Avalonia.Tests\UI_Unilineal.Rendering.Avalonia.Tests.csproj", "{B67A78C6-E802-44D5-9B14-F2B40AD6B926}"
EndProject
Global
	GlobalSection(SolutionConfigurationPlatforms) = preSolution
		Debug|Any CPU = Debug|Any CPU
		Debug|x64 = Debug|x64
		Debug|x86 = Debug|x86
		Release|Any CPU = Release|Any CPU
		Release|x64 = Release|x64
		Release|x86 = Release|x86
	EndGlobalSection
	GlobalSection(ProjectConfigurationPlatforms) = postSolution
		{9E6106B8-82DC-4DE1-9C68-063AF266B33D}.Debug|Any CPU.ActiveCfg = Debug|Any CPU
		{9E6106B8-82DC-4DE1-9C68-063AF266B33D}.Debug|Any CPU.Build.0 = Debug|Any CPU
		{9E6106B8-82DC-4DE1-9C68-063AF266B33D}.Debug|x64.ActiveCfg = Debug|Any CPU
		{9E6106B8-82DC-4DE1-9C68-063AF266B33D}.Debug|x64.Build.0 = Debug|Any CPU
		{9E6106B8-82DC-4DE1-9C68-063AF266B33D}.Debug|x86.ActiveCfg = Debug|Any CPU
		{9E6106B8-82DC-4DE1-9C68-063AF266B33D}.Debug|x86.Build.0 = Debug|Any CPU
		{9E6106B8-82DC-4DE1-9C68-063AF266B33D}.Release|Any CPU.ActiveCfg = Release|Any CPU
		{9E6106B8-82DC-4DE1-9C68-063AF266B33D}.Release|Any CPU.Build.0 = Release|Any CPU
		{9E6106B8-82DC-4DE1-9C68-063AF266B33D}.Release|x64.ActiveCfg = Release|Any CPU
		{9E6106B8-82DC-4DE1-9C68-063AF266B33D}.Release|x64.Build.0 = Release|Any CPU
		{9E6106B8-82DC-4DE1-9C68-063AF266B33D}.Release|x86.ActiveCfg = Release|Any CPU
		{9E6106B8-82DC-4DE1-9C68-063AF266B33D}.Release|x86.Build.0 = Release|Any CPU
		{075DF839-BFAA-496E-BFE2-41CEEB8EEAF1}.Debug|Any CPU.ActiveCfg = Debug|Any CPU
		{075DF839-BFAA-496E-BFE2-41CEEB8EEAF1}.Debug|Any CPU.Build.0 = Debug|Any CPU
		{075DF839-BFAA-496E-BFE2-41CEEB8EEAF1}.Debug|x64.ActiveCfg = Debug|Any CPU
		{075DF839-BFAA-496E-BFE2-41CEEB8EEAF1}.Debug|x64.Build.0 = Debug|Any CPU
		{075DF839-BFAA-496E-BFE2-41CEEB8EEAF1}.Debug|x86.ActiveCfg = Debug|Any CPU
		{075DF839-BFAA-496E-BFE2-41CEEB8EEAF1}.Debug|x86.Build.0 = Debug|Any CPU
		{075DF839-BFAA-496E-BFE2-41CEEB8EEAF1}.Release|Any CPU.ActiveCfg = Release|Any CPU
		{075DF839-BFAA-496E-BFE2-41CEEB8EEAF1}.Release|Any CPU.Build.0 = Release|Any CPU
		{075DF839-BFAA-496E-BFE2-41CEEB8EEAF1}.Release|x64.ActiveCfg = Release|Any CPU
		{075DF839-BFAA-496E-BFE2-41CEEB8EEAF1}.Release|x64.Build.0 = Release|Any CPU
		{075DF839-BFAA-496E-BFE2-41CEEB8EEAF1}.Release|x86.ActiveCfg = Release|Any CPU
		{075DF839-BFAA-496E-BFE2-41CEEB8EEAF1}.Release|x86.Build.0 = Release|Any CPU
		{6F9A6DA4-078C-4F06-8C43-21447CD440A1}.Debug|Any CPU.ActiveCfg = Debug|Any CPU
		{6F9A6DA4-078C-4F06-8C43-21447CD440A1}.Debug|Any CPU.Build.0 = Debug|Any CPU
		{6F9A6DA4-078C-4F06-8C43-21447CD440A1}.Debug|x64.ActiveCfg = Debug|Any CPU
		{6F9A6DA4-078C-4F06-8C43-21447CD440A1}.Debug|x64.Build.0 = Debug|Any CPU
		{6F9A6DA4-078C-4F06-8C43-21447CD440A1}.Debug|x86.ActiveCfg = Debug|Any CPU
		{6F9A6DA4-078C-4F06-8C43-21447CD440A1}.Debug|x86.Build.0 = Debug|Any CPU
		{6F9A6DA4-078C-4F06-8C43-21447CD440A1}.Release|Any CPU.ActiveCfg = Release|Any CPU
		{6F9A6DA4-078C-4F06-8C43-21447CD440A1}.Release|Any CPU.Build.0 = Release|Any CPU
		{6F9A6DA4-078C-4F06-8C43-21447CD440A1}.Release|x64.ActiveCfg = Release|Any CPU
		{6F9A6DA4-078C-4F06-8C43-21447CD440A1}.Release|x64.Build.0 = Release|Any CPU
		{6F9A6DA4-078C-4F06-8C43-21447CD440A1}.Release|x86.ActiveCfg = Release|Any CPU
		{6F9A6DA4-078C-4F06-8C43-21447CD440A1}.Release|x86.Build.0 = Release|Any CPU
		{437D695E-720B-4F32-AFFB-86C841961515}.Debug|Any CPU.ActiveCfg = Debug|Any CPU
		{437D695E-720B-4F32-AFFB-86C841961515}.Debug|Any CPU.Build.0 = Debug|Any CPU
		{437D695E-720B-4F32-AFFB-86C841961515}.Debug|x64.ActiveCfg = Debug|Any CPU
		{437D695E-720B-4F32-AFFB-86C841961515}.Debug|x64.Build.0 = Debug|Any CPU
		{437D695E-720B-4F32-AFFB-86C841961515}.Debug|x86.ActiveCfg = Debug|Any CPU
		{437D695E-720B-4F32-AFFB-86C841961515}.Debug|x86.Build.0 = Debug|Any CPU
		{437D695E-720B-4F32-AFFB-86C841961515}.Release|Any CPU.ActiveCfg = Release|Any CPU
		{437D695E-720B-4F32-AFFB-86C841961515}.Release|Any CPU.Build.0 = Release|Any CPU
		{437D695E-720B-4F32-AFFB-86C841961515}.Release|x64.ActiveCfg = Release|Any CPU
		{437D695E-720B-4F32-AFFB-86C841961515}.Release|x64.Build.0 = Release|Any CPU
		{437D695E-720B-4F32-AFFB-86C841961515}.Release|x86.ActiveCfg = Release|Any CPU
		{437D695E-720B-4F32-AFFB-86C841961515}.Release|x86.Build.0 = Release|Any CPU
		{295A823F-A552-4D44-A561-E5E963A1314C}.Debug|Any CPU.ActiveCfg = Debug|Any CPU
		{295A823F-A552-4D44-A561-E5E963A1314C}.Debug|Any CPU.Build.0 = Debug|Any CPU
		{295A823F-A552-4D44-A561-E5E963A1314C}.Debug|x64.ActiveCfg = Debug|Any CPU
		{295A823F-A552-4D44-A561-E5E963A1314C}.Debug|x64.Build.0 = Debug|Any CPU
		{295A823F-A552-4D44-A561-E5E963A1314C}.Debug|x86.ActiveCfg = Debug|Any CPU
		{295A823F-A552-4D44-A561-E5E963A1314C}.Debug|x86.Build.0 = Debug|Any CPU
		{295A823F-A552-4D44-A561-E5E963A1314C}.Release|Any CPU.ActiveCfg = Release|Any CPU
		{295A823F-A552-4D44-A561-E5E963A1314C}.Release|Any CPU.Build.0 = Release|Any CPU
		{295A823F-A552-4D44-A561-E5E963A1314C}.Release|x64.ActiveCfg = Release|Any CPU
		{295A823F-A552-4D44-A561-E5E963A1314C}.Release|x64.Build.0 = Release|Any CPU
		{295A823F-A552-4D44-A561-E5E963A1314C}.Release|x86.ActiveCfg = Release|Any CPU
		{295A823F-A552-4D44-A561-E5E963A1314C}.Release|x86.Build.0 = Release|Any CPU
		{E0FB4ACC-B0AD-4B70-9FF8-43D9B7555D52}.Debug|Any CPU.ActiveCfg = Debug|Any CPU
		{E0FB4ACC-B0AD-4B70-9FF8-43D9B7555D52}.Debug|Any CPU.Build.0 = Debug|Any CPU
		{E0FB4ACC-B0AD-4B70-9FF8-43D9B7555D52}.Debug|x64.ActiveCfg = Debug|Any CPU
		{E0FB4ACC-B0AD-4B70-9FF8-43D9B7555D52}.Debug|x64.Build.0 = Debug|Any CPU
		{E0FB4ACC-B0AD-4B70-9FF8-43D9B7555D52}.Debug|x86.ActiveCfg = Debug|Any CPU
		{E0FB4ACC-B0AD-4B70-9FF8-43D9B7555D52}.Debug|x86.Build.0 = Debug|Any CPU
		{E0FB4ACC-B0AD-4B70-9FF8-43D9B7555D52}.Release|Any CPU.ActiveCfg = Release|Any CPU
		{E0FB4ACC-B0AD-4B70-9FF8-43D9B7555D52}.Release|Any CPU.Build.0 = Release|Any CPU
		{E0FB4ACC-B0AD-4B70-9FF8-43D9B7555D52}.Release|x64.ActiveCfg = Release|Any CPU
		{E0FB4ACC-B0AD-4B70-9FF8-43D9B7555D52}.Release|x64.Build.0 = Release|Any CPU
		{E0FB4ACC-B0AD-4B70-9FF8-43D9B7555D52}.Release|x86.ActiveCfg = Release|Any CPU
		{E0FB4ACC-B0AD-4B70-9FF8-43D9B7555D52}.Release|x86.Build.0 = Release|Any CPU
		{B67A78C6-E802-44D5-9B14-F2B40AD6B926}.Debug|Any CPU.ActiveCfg = Debug|Any CPU
		{B67A78C6-E802-44D5-9B14-F2B40AD6B926}.Debug|Any CPU.Build.0 = Debug|Any CPU
		{B67A78C6-E802-44D5-9B14-F2B40AD6B926}.Debug|x64.ActiveCfg = Debug|x64
		{B67A78C6-E802-44D5-9B14-F2B40AD6B926}.Debug|x64.Build.0 = Debug|x64
		{B67A78C6-E802-44D5-9B14-F2B40AD6B926}.Debug|x86.ActiveCfg = Debug|x86
		{B67A78C6-E802-44D5-9B14-F2B40AD6B926}.Debug|x86.Build.0 = Debug|x86
		{B67A78C6-E802-44D5-9B14-F2B40AD6B926}.Release|Any CPU.ActiveCfg = Release|Any CPU
		{B67A78C6-E802-44D5-9B14-F2B40AD6B926}.Release|Any CPU.Build.0 = Release|Any CPU
		{B67A78C6-E802-44D5-9B14-F2B40AD6B926}.Release|x64.ActiveCfg = Release|x64
		{B67A78C6-E802-44D5-9B14-F2B40AD6B926}.Release|x64.Build.0 = Release|x64
		{B67A78C6-E802-44D5-9B14-F2B40AD6B926}.Release|x86.ActiveCfg = Release|x86
		{B67A78C6-E802-44D5-9B14-F2B40AD6B926}.Release|x86.Build.0 = Release|x86
	EndGlobalSection
	GlobalSection(SolutionProperties) = preSolution
		HideSolutionNode = FALSE
	EndGlobalSection
	GlobalSection(NestedProjects) = preSolution
		{9E6106B8-82DC-4DE1-9C68-063AF266B33D} = {827E0CD3-B72D-47B6-A68D-7590B98EB39B}
		{075DF839-BFAA-496E-BFE2-41CEEB8EEAF1} = {827E0CD3-B72D-47B6-A68D-7590B98EB39B}
		{6F9A6DA4-078C-4F06-8C43-21447CD440A1} = {827E0CD3-B72D-47B6-A68D-7590B98EB39B}
		{437D695E-720B-4F32-AFFB-86C841961515} = {827E0CD3-B72D-47B6-A68D-7590B98EB39B}
		{295A823F-A552-4D44-A561-E5E963A1314C} = {0AB3BF05-4346-4AA6-1389-037BE0695223}
		{E0FB4ACC-B0AD-4B70-9FF8-43D9B7555D52} = {0AB3BF05-4346-4AA6-1389-037BE0695223}
		{B67A78C6-E802-44D5-9B14-F2B40AD6B926} = {0AB3BF05-4346-4AA6-1389-037BE0695223}
	EndGlobalSection
EndGlobal
